// !$*UTF8*$!
{
	archiveVersion = 1;
	classes = {
	};
	objectVersion = 55;
	objects = {

/* Begin PBXBuildFile section */
		BEA3A6DF27E076A600021839 /* AuthenticateApp.swift in Sources */ = {isa = PBXBuildFile; fileRef = BEA3A6DE27E076A600021839 /* AuthenticateApp.swift */; };
		BEA3A6E127E076A600021839 /* ContentView.swift in Sources */ = {isa = PBXBuildFile; fileRef = BEA3A6E027E076A600021839 /* ContentView.swift */; };
		BEA3A6E327E076A800021839 /* Assets.xcassets in Resources */ = {isa = PBXBuildFile; fileRef = BEA3A6E227E076A800021839 /* Assets.xcassets */; };
		BEA3A6E627E076A800021839 /* Preview Assets.xcassets in Resources */ = {isa = PBXBuildFile; fileRef = BEA3A6E527E076A800021839 /* Preview Assets.xcassets */; };
		BEA3A6F027E076A800021839 /* AuthenticateTests.swift in Sources */ = {isa = PBXBuildFile; fileRef = BEA3A6EF27E076A800021839 /* AuthenticateTests.swift */; };
		BEA3A6FA27E076A800021839 /* AuthenticateUITests.swift in Sources */ = {isa = PBXBuildFile; fileRef = BEA3A6F927E076A800021839 /* AuthenticateUITests.swift */; };
		BEA3A6FC27E076A800021839 /* AuthenticateUITestsLaunchTests.swift in Sources */ = {isa = PBXBuildFile; fileRef = BEA3A6FB27E076A800021839 /* AuthenticateUITestsLaunchTests.swift */; };
/* End PBXBuildFile section */

/* Begin PBXContainerItemProxy section */
		BEA3A6EC27E076A800021839 /* PBXContainerItemProxy */ = {
			isa = PBXContainerItemProxy;
			containerPortal = BEA3A6D327E076A600021839 /* Project object */;
			proxyType = 1;
			remoteGlobalIDString = BEA3A6DA27E076A600021839;
			remoteInfo = Authenticate;
		};
		BEA3A6F627E076A800021839 /* PBXContainerItemProxy */ = {
			isa = PBXContainerItemProxy;
			containerPortal = BEA3A6D327E076A600021839 /* Project object */;
			proxyType = 1;
			remoteGlobalIDString = BEA3A6DA27E076A600021839;
			remoteInfo = Authenticate;
		};
/* End PBXContainerItemProxy section */

/* Begin PBXFileReference section */
		BEA3A6DB27E076A600021839 /* Authenticate.app */ = {isa = PBXFileReference; explicitFileType = wrapper.application; includeInIndex = 0; path = Authenticate.app; sourceTree = BUILT_PRODUCTS_DIR; };
		BEA3A6DE27E076A600021839 /* AuthenticateApp.swift */ = {isa = PBXFileReference; lastKnownFileType = sourcecode.swift; path = AuthenticateApp.swift; sourceTree = "<group>"; };
		BEA3A6E027E076A600021839 /* ContentView.swift */ = {isa = PBXFileReference; lastKnownFileType = sourcecode.swift; path = ContentView.swift; sourceTree = "<group>"; };
		BEA3A6E227E076A800021839 /* Assets.xcassets */ = {isa = PBXFileReference; lastKnownFileType = folder.assetcatalog; path = Assets.xcassets; sourceTree = "<group>"; };
		BEA3A6E527E076A800021839 /* Preview Assets.xcassets */ = {isa = PBXFileReference; lastKnownFileType = folder.assetcatalog; path = "Preview Assets.xcassets"; sourceTree = "<group>"; };
		BEA3A6EB27E076A800021839 /* AuthenticateTests.xctest */ = {isa = PBXFileReference; explicitFileType = wrapper.cfbundle; includeInIndex = 0; path = AuthenticateTests.xctest; sourceTree = BUILT_PRODUCTS_DIR; };
		BEA3A6EF27E076A800021839 /* AuthenticateTests.swift */ = {isa = PBXFileReference; lastKnownFileType = sourcecode.swift; path = AuthenticateTests.swift; sourceTree = "<group>"; };
		BEA3A6F527E076A800021839 /* AuthenticateUITests.xctest */ = {isa = PBXFileReference; explicitFileType = wrapper.cfbundle; includeInIndex = 0; path = AuthenticateUITests.xctest; sourceTree = BUILT_PRODUCTS_DIR; };
		BEA3A6F927E076A800021839 /* AuthenticateUITests.swift */ = {isa = PBXFileReference; lastKnownFileType = sourcecode.swift; path = AuthenticateUITests.swift; sourceTree = "<group>"; };
		BEA3A6FB27E076A800021839 /* AuthenticateUITestsLaunchTests.swift */ = {isa = PBXFileReference; lastKnownFileType = sourcecode.swift; path = AuthenticateUITestsLaunchTests.swift; sourceTree = "<group>"; };
/* End PBXFileReference section */

/* Begin PBXFrameworksBuildPhase section */
		BEA3A6D827E076A600021839 /* Frameworks */ = {
			isa = PBXFrameworksBuildPhase;
			buildActionMask = 2147483647;
			files = (
			);
			runOnlyForDeploymentPostprocessing = 0;
		};
		BEA3A6E827E076A800021839 /* Frameworks */ = {
			isa = PBXFrameworksBuildPhase;
			buildActionMask = 2147483647;
			files = (
			);
			runOnlyForDeploymentPostprocessing = 0;
		};
		BEA3A6F227E076A800021839 /* Frameworks */ = {
			isa = PBXFrameworksBuildPhase;
			buildActionMask = 2147483647;
			files = (
			);
			runOnlyForDeploymentPostprocessing = 0;
		};
/* End PBXFrameworksBuildPhase section */

/* Begin PBXGroup section */
		BEA3A6D227E076A600021839 = {
			isa = PBXGroup;
			children = (
				BEA3A6DD27E076A600021839 /* Authenticate */,
				BEA3A6EE27E076A800021839 /* AuthenticateTests */,
				BEA3A6F827E076A800021839 /* AuthenticateUITests */,
				BEA3A6DC27E076A600021839 /* Products */,
			);
			sourceTree = "<group>";
		};
		BEA3A6DC27E076A600021839 /* Products */ = {
			isa = PBXGroup;
			children = (
				BEA3A6DB27E076A600021839 /* Authenticate.app */,
				BEA3A6EB27E076A800021839 /* AuthenticateTests.xctest */,
				BEA3A6F527E076A800021839 /* AuthenticateUITests.xctest */,
			);
			name = Products;
			sourceTree = "<group>";
		};
		BEA3A6DD27E076A600021839 /* Authenticate */ = {
			isa = PBXGroup;
			children = (
				BEA3A6DE27E076A600021839 /* AuthenticateApp.swift */,
				BEA3A6E027E076A600021839 /* ContentView.swift */,
				BEA3A6E227E076A800021839 /* Assets.xcassets */,
				BEA3A6E427E076A800021839 /* Preview Content */,
			);
			path = Authenticate;
			sourceTree = "<group>";
		};
		BEA3A6E427E076A800021839 /* Preview Content */ = {
			isa = PBXGroup;
			children = (
				BEA3A6E527E076A800021839 /* Preview Assets.xcassets */,
			);
			path = "Preview Content";
			sourceTree = "<group>";
		};
		BEA3A6EE27E076A800021839 /* AuthenticateTests */ = {
			isa = PBXGroup;
			children = (
				BEA3A6EF27E076A800021839 /* AuthenticateTests.swift */,
			);
			path = AuthenticateTests;
			sourceTree = "<group>";
		};
		BEA3A6F827E076A800021839 /* AuthenticateUITests */ = {
			isa = PBXGroup;
			children = (
				BEA3A6F927E076A800021839 /* AuthenticateUITests.swift */,
				BEA3A6FB27E076A800021839 /* AuthenticateUITestsLaunchTests.swift */,
			);
			path = AuthenticateUITests;
			sourceTree = "<group>";
		};
/* End PBXGroup section */

/* Begin PBXNativeTarget section */
		BEA3A6DA27E076A600021839 /* Authenticate */ = {
			isa = PBXNativeTarget;
			buildConfigurationList = BEA3A6FF27E076A800021839 /* Build configuration list for PBXNativeTarget "Authenticate" */;
			buildPhases = (
				BEA3A6D727E076A600021839 /* Sources */,
				BEA3A6D827E076A600021839 /* Frameworks */,
				BEA3A6D927E076A600021839 /* Resources */,
			);
			buildRules = (
			);
			dependencies = (
			);
			name = Authenticate;
			productName = Authenticate;
			productReference = BEA3A6DB27E076A600021839 /* Authenticate.app */;
			productType = "com.apple.product-type.application";
		};
		BEA3A6EA27E076A800021839 /* AuthenticateTests */ = {
			isa = PBXNativeTarget;
			buildConfigurationList = BEA3A70227E076A800021839 /* Build configuration list for PBXNativeTarget "AuthenticateTests" */;
			buildPhases = (
				BEA3A6E727E076A800021839 /* Sources */,
				BEA3A6E827E076A800021839 /* Frameworks */,
				BEA3A6E927E076A800021839 /* Resources */,
			);
			buildRules = (
			);
			dependencies = (
				BEA3A6ED27E076A800021839 /* PBXTargetDependency */,
			);
			name = AuthenticateTests;
			productName = AuthenticateTests;
			productReference = BEA3A6EB27E076A800021839 /* AuthenticateTests.xctest */;
			productType = "com.apple.product-type.bundle.unit-test";
		};
		BEA3A6F427E076A800021839 /* AuthenticateUITests */ = {
			isa = PBXNativeTarget;
			buildConfigurationList = BEA3A70527E076A800021839 /* Build configuration list for PBXNativeTarget "AuthenticateUITests" */;
			buildPhases = (
				BEA3A6F127E076A800021839 /* Sources */,
				BEA3A6F227E076A800021839 /* Frameworks */,
				BEA3A6F327E076A800021839 /* Resources */,
			);
			buildRules = (
			);
			dependencies = (
				BEA3A6F727E076A800021839 /* PBXTargetDependency */,
			);
			name = AuthenticateUITests;
			productName = AuthenticateUITests;
			productReference = BEA3A6F527E076A800021839 /* AuthenticateUITests.xctest */;
			productType = "com.apple.product-type.bundle.ui-testing";
		};
/* End PBXNativeTarget section */

/* Begin PBXProject section */
		BEA3A6D327E076A600021839 /* Project object */ = {
			isa = PBXProject;
			attributes = {
				BuildIndependentTargetsInParallel = 1;
				LastSwiftUpdateCheck = 1320;
				LastUpgradeCheck = 1320;
				TargetAttributes = {
					BEA3A6DA27E076A600021839 = {
						CreatedOnToolsVersion = 13.2.1;
					};
					BEA3A6EA27E076A800021839 = {
						CreatedOnToolsVersion = 13.2.1;
						TestTargetID = BEA3A6DA27E076A600021839;
					};
					BEA3A6F427E076A800021839 = {
						CreatedOnToolsVersion = 13.2.1;
						TestTargetID = BEA3A6DA27E076A600021839;
					};
				};
			};
			buildConfigurationList = BEA3A6D627E076A600021839 /* Build configuration list for PBXProject "Authenticate" */;
			compatibilityVersion = "Xcode 13.0";
			developmentRegion = en;
			hasScannedForEncodings = 0;
			knownRegions = (
				en,
				Base,
			);
			mainGroup = BEA3A6D227E076A600021839;
			productRefGroup = BEA3A6DC27E076A600021839 /* Products */;
			projectDirPath = "";
			projectRoot = "";
			targets = (
				BEA3A6DA27E076A600021839 /* Authenticate */,
				BEA3A6EA27E076A800021839 /* AuthenticateTests */,
				BEA3A6F427E076A800021839 /* AuthenticateUITests */,
			);
		};
/* End PBXProject section */

/* Begin PBXResourcesBuildPhase section */
		BEA3A6D927E076A600021839 /* Resources */ = {
			isa = PBXResourcesBuildPhase;
			buildActionMask = 2147483647;
			files = (
				BEA3A6E627E076A800021839 /* Preview Assets.xcassets in Resources */,
				BEA3A6E327E076A800021839 /* Assets.xcassets in Resources */,
			);
			runOnlyForDeploymentPostprocessing = 0;
		};
		BEA3A6E927E076A800021839 /* Resources */ = {
			isa = PBXResourcesBuildPhase;
			buildActionMask = 2147483647;
			files = (
			);
			runOnlyForDeploymentPostprocessing = 0;
		};
		BEA3A6F327E076A800021839 /* Resources */ = {
			isa = PBXResourcesBuildPhase;
			buildActionMask = 2147483647;
			files = (
			);
			runOnlyForDeploymentPostprocessing = 0;
		};
/* End PBXResourcesBuildPhase section */

/* Begin PBXSourcesBuildPhase section */
		BEA3A6D727E076A600021839 /* Sources */ = {
			isa = PBXSourcesBuildPhase;
			buildActionMask = 2147483647;
			files = (
				BEA3A6E127E076A600021839 /* ContentView.swift in Sources */,
				BEA3A6DF27E076A600021839 /* AuthenticateApp.swift in Sources */,
			);
			runOnlyForDeploymentPostprocessing = 0;
		};
		BEA3A6E727E076A800021839 /* Sources */ = {
			isa = PBXSourcesBuildPhase;
			buildActionMask = 2147483647;
			files = (
				BEA3A6F027E076A800021839 /* AuthenticateTests.swift in Sources */,
			);
			runOnlyForDeploymentPostprocessing = 0;
		};
		BEA3A6F127E076A800021839 /* Sources */ = {
			isa = PBXSourcesBuildPhase;
			buildActionMask = 2147483647;
			files = (
				BEA3A6FA27E076A800021839 /* AuthenticateUITests.swift in Sources */,
				BEA3A6FC27E076A800021839 /* AuthenticateUITestsLaunchTests.swift in Sources */,
			);
			runOnlyForDeploymentPostprocessing = 0;
		};
/* End PBXSourcesBuildPhase section */

/* Begin PBXTargetDependency section */
		BEA3A6ED27E076A800021839 /* PBXTargetDependency */ = {
			isa = PBXTargetDependency;
			target = BEA3A6DA27E076A600021839 /* Authenticate */;
			targetProxy = BEA3A6EC27E076A800021839 /* PBXContainerItemProxy */;
		};
		BEA3A6F727E076A800021839 /* PBXTargetDependency */ = {
			isa = PBXTargetDependency;
			target = BEA3A6DA27E076A600021839 /* Authenticate */;
			targetProxy = BEA3A6F627E076A800021839 /* PBXContainerItemProxy */;
		};
/* End PBXTargetDependency section */

/* Begin XCBuildConfiguration section */
		BEA3A6FD27E076A800021839 /* Debug */ = {
			isa = XCBuildConfiguration;
			buildSettings = {
				ALWAYS_SEARCH_USER_PATHS = NO;
				CLANG_ANALYZER_NONNULL = YES;
				CLANG_ANALYZER_NUMBER_OBJECT_CONVERSION = YES_AGGRESSIVE;
				CLANG_CXX_LANGUAGE_STANDARD = "gnu++17";
				CLANG_CXX_LIBRARY = "libc++";
				CLANG_ENABLE_MODULES = YES;
				CLANG_ENABLE_OBJC_ARC = YES;
				CLANG_ENABLE_OBJC_WEAK = YES;
				CLANG_WARN_BLOCK_CAPTURE_AUTORELEASING = YES;
				CLANG_WARN_BOOL_CONVERSION = YES;
				CLANG_WARN_COMMA = YES;
				CLANG_WARN_CONSTANT_CONVERSION = YES;
				CLANG_WARN_DEPRECATED_OBJC_IMPLEMENTATIONS = YES;
				CLANG_WARN_DIRECT_OBJC_ISA_USAGE = YES_ERROR;
				CLANG_WARN_DOCUMENTATION_COMMENTS = YES;
				CLANG_WARN_EMPTY_BODY = YES;
				CLANG_WARN_ENUM_CONVERSION = YES;
				CLANG_WARN_INFINITE_RECURSION = YES;
				CLANG_WARN_INT_CONVERSION = YES;
				CLANG_WARN_NON_LITERAL_NULL_CONVERSION = YES;
				CLANG_WARN_OBJC_IMPLICIT_RETAIN_SELF = YES;
				CLANG_WARN_OBJC_LITERAL_CONVERSION = YES;
				CLANG_WARN_OBJC_ROOT_CLASS = YES_ERROR;
				CLANG_WARN_QUOTED_INCLUDE_IN_FRAMEWORK_HEADER = YES;
				CLANG_WARN_RANGE_LOOP_ANALYSIS = YES;
				CLANG_WARN_STRICT_PROTOTYPES = YES;
				CLANG_WARN_SUSPICIOUS_MOVE = YES;
				CLANG_WARN_UNGUARDED_AVAILABILITY = YES_AGGRESSIVE;
				CLANG_WARN_UNREACHABLE_CODE = YES;
				CLANG_WARN__DUPLICATE_METHOD_MATCH = YES;
				COPY_PHASE_STRIP = NO;
				DEBUG_INFORMATION_FORMAT = dwarf;
				ENABLE_STRICT_OBJC_MSGSEND = YES;
				ENABLE_TESTABILITY = YES;
				GCC_C_LANGUAGE_STANDARD = gnu11;
				GCC_DYNAMIC_NO_PIC = NO;
				GCC_NO_COMMON_BLOCKS = YES;
				GCC_OPTIMIZATION_LEVEL = 0;
				GCC_PREPROCESSOR_DEFINITIONS = (
					"DEBUG=1",
					"$(inherited)",
				);
				GCC_WARN_64_TO_32_BIT_CONVERSION = YES;
				GCC_WARN_ABOUT_RETURN_TYPE = YES_ERROR;
				GCC_WARN_UNDECLARED_SELECTOR = YES;
				GCC_WARN_UNINITIALIZED_AUTOS = YES_AGGRESSIVE;
				GCC_WARN_UNUSED_FUNCTION = YES;
				GCC_WARN_UNUSED_VARIABLE = YES;
				IPHONEOS_DEPLOYMENT_TARGET = 15.2;
				MTL_ENABLE_DEBUG_INFO = INCLUDE_SOURCE;
				MTL_FAST_MATH = YES;
				ONLY_ACTIVE_ARCH = YES;
				SDKROOT = iphoneos;
				SWIFT_ACTIVE_COMPILATION_CONDITIONS = DEBUG;
				SWIFT_OPTIMIZATION_LEVEL = "-Onone";
			};
			name = Debug;
		};
		BEA3A6FE27E076A800021839 /* Release */ = {
			isa = XCBuildConfiguration;
			buildSettings = {
				ALWAYS_SEARCH_USER_PATHS = NO;
				CLANG_ANALYZER_NONNULL = YES;
				CLANG_ANALYZER_NUMBER_OBJECT_CONVERSION = YES_AGGRESSIVE;
				CLANG_CXX_LANGUAGE_STANDARD = "gnu++17";
				CLANG_CXX_LIBRARY = "libc++";
				CLANG_ENABLE_MODULES = YES;
				CLANG_ENABLE_OBJC_ARC = YES;
				CLANG_ENABLE_OBJC_WEAK = YES;
				CLANG_WARN_BLOCK_CAPTURE_AUTORELEASING = YES;
				CLANG_WARN_BOOL_CONVERSION = YES;
				CLANG_WARN_COMMA = YES;
				CLANG_WARN_CONSTANT_CONVERSION = YES;
				CLANG_WARN_DEPRECATED_OBJC_IMPLEMENTATIONS = YES;
				CLANG_WARN_DIRECT_OBJC_ISA_USAGE = YES_ERROR;
				CLANG_WARN_DOCUMENTATION_COMMENTS = YES;
				CLANG_WARN_EMPTY_BODY = YES;
				CLANG_WARN_ENUM_CONVERSION = YES;
				CLANG_WARN_INFINITE_RECURSION = YES;
				CLANG_WARN_INT_CONVERSION = YES;
				CLANG_WARN_NON_LITERAL_NULL_CONVERSION = YES;
				CLANG_WARN_OBJC_IMPLICIT_RETAIN_SELF = YES;
				CLANG_WARN_OBJC_LITERAL_CONVERSION = YES;
				CLANG_WARN_OBJC_ROOT_CLASS = YES_ERROR;
				CLANG_WARN_QUOTED_INCLUDE_IN_FRAMEWORK_HEADER = YES;
				CLANG_WARN_RANGE_LOOP_ANALYSIS = YES;
				CLANG_WARN_STRICT_PROTOTYPES = YES;
				CLANG_WARN_SUSPICIOUS_MOVE = YES;
				CLANG_WARN_UNGUARDED_AVAILABILITY = YES_AGGRESSIVE;
				CLANG_WARN_UNREACHABLE_CODE = YES;
				CLANG_WARN__DUPLICATE_METHOD_MATCH = YES;
				COPY_PHASE_STRIP = NO;
				DEBUG_INFORMATION_FORMAT = "dwarf-with-dsym";
				ENABLE_NS_ASSERTIONS = NO;
				ENABLE_STRICT_OBJC_MSGSEND = YES;
				GCC_C_LANGUAGE_STANDARD = gnu11;
				GCC_NO_COMMON_BLOCKS = YES;
				GCC_WARN_64_TO_32_BIT_CONVERSION = YES;
				GCC_WARN_ABOUT_RETURN_TYPE = YES_ERROR;
				GCC_WARN_UNDECLARED_SELECTOR = YES;
				GCC_WARN_UNINITIALIZED_AUTOS = YES_AGGRESSIVE;
				GCC_WARN_UNUSED_FUNCTION = YES;
				GCC_WARN_UNUSED_VARIABLE = YES;
				IPHONEOS_DEPLOYMENT_TARGET = 15.2;
				MTL_ENABLE_DEBUG_INFO = NO;
				MTL_FAST_MATH = YES;
				SDKROOT = iphoneos;
				SWIFT_COMPILATION_MODE = wholemodule;
				SWIFT_OPTIMIZATION_LEVEL = "-O";
				VALIDATE_PRODUCT = YES;
			};
			name = Release;
		};
		BEA3A70027E076A800021839 /* Debug */ = {
			isa = XCBuildConfiguration;
			buildSettings = {
				ASSETCATALOG_COMPILER_APPICON_NAME = AppIcon;
				ASSETCATALOG_COMPILER_GLOBAL_ACCENT_COLOR_NAME = AccentColor;
				CODE_SIGN_STYLE = Automatic;
				CURRENT_PROJECT_VERSION = 1;
				DEVELOPMENT_ASSET_PATHS = "\"Authenticate/Preview Content\"";
				ENABLE_PREVIEWS = YES;
				GENERATE_INFOPLIST_FILE = YES;
				INFOPLIST_KEY_UIApplicationSceneManifest_Generation = YES;
				INFOPLIST_KEY_UIApplicationSupportsIndirectInputEvents = YES;
				INFOPLIST_KEY_UILaunchScreen_Generation = YES;
				INFOPLIST_KEY_UISupportedInterfaceOrientations_iPad = "UIInterfaceOrientationPortrait UIInterfaceOrientationPortraitUpsideDown UIInterfaceOrientationLandscapeLeft UIInterfaceOrientationLandscapeRight";
				INFOPLIST_KEY_UISupportedInterfaceOrientations_iPhone = "UIInterfaceOrientationPortrait UIInterfaceOrientationLandscapeLeft UIInterfaceOrientationLandscapeRight";
				LD_RUNPATH_SEARCH_PATHS = (
					"$(inherited)",
					"@executable_path/Frameworks",
				);
				MARKETING_VERSION = 1.0;
				PRODUCT_BUNDLE_IDENTIFIER = com.shehan.Authenticate;
				PRODUCT_NAME = "$(TARGET_NAME)";
				SWIFT_EMIT_LOC_STRINGS = YES;
				SWIFT_VERSION = 5.0;
				TARGETED_DEVICE_FAMILY = "1,2";
			};
			name = Debug;
		};
		BEA3A70127E076A800021839 /* Release */ = {
			isa = XCBuildConfiguration;
			buildSettings = {
				ASSETCATALOG_COMPILER_APPICON_NAME = AppIcon;
				ASSETCATALOG_COMPILER_GLOBAL_ACCENT_COLOR_NAME = AccentColor;
				CODE_SIGN_STYLE = Automatic;
				CURRENT_PROJECT_VERSION = 1;
				DEVELOPMENT_ASSET_PATHS = "\"Authenticate/Preview Content\"";
				ENABLE_PREVIEWS = YES;
				GENERATE_INFOPLIST_FILE = YES;
				INFOPLIST_KEY_UIApplicationSceneManifest_Generation = YES;
				INFOPLIST_KEY_UIApplicationSupportsIndirectInputEvents = YES;
				INFOPLIST_KEY_UILaunchScreen_Generation = YES;
				INFOPLIST_KEY_UISupportedInterfaceOrientations_iPad = "UIInterfaceOrientationPortrait UIInterfaceOrientationPortraitUpsideDown UIInterfaceOrientationLandscapeLeft UIInterfaceOrientationLandscapeRight";
				INFOPLIST_KEY_UISupportedInterfaceOrientations_iPhone = "UIInterfaceOrientationPortrait UIInterfaceOrientationLandscapeLeft UIInterfaceOrientationLandscapeRight";
				LD_RUNPATH_SEARCH_PATHS = (
					"$(inherited)",
					"@executable_path/Frameworks",
				);
				MARKETING_VERSION = 1.0;
				PRODUCT_BUNDLE_IDENTIFIER = com.shehan.Authenticate;
				PRODUCT_NAME = "$(TARGET_NAME)";
				SWIFT_EMIT_LOC_STRINGS = YES;
				SWIFT_VERSION = 5.0;
				TARGETED_DEVICE_FAMILY = "1,2";
			};
			name = Release;
		};
		BEA3A70327E076A800021839 /* Debug */ = {
			isa = XCBuildConfiguration;
			buildSettings = {
				ALWAYS_EMBED_SWIFT_STANDARD_LIBRARIES = YES;
				BUNDLE_LOADER = "$(TEST_HOST)";
				CODE_SIGN_STYLE = Automatic;
				CURRENT_PROJECT_VERSION = 1;
				GENERATE_INFOPLIST_FILE = YES;
				IPHONEOS_DEPLOYMENT_TARGET = 15.2;
				MARKETING_VERSION = 1.0;
				PRODUCT_BUNDLE_IDENTIFIER = com.shehan.AuthenticateTests;
				PRODUCT_NAME = "$(TARGET_NAME)";
				SWIFT_EMIT_LOC_STRINGS = NO;
				SWIFT_VERSION = 5.0;
				TARGETED_DEVICE_FAMILY = "1,2";
				TEST_HOST = "$(BUILT_PRODUCTS_DIR)/Authenticate.app/Authenticate";
			};
			name = Debug;
		};
		BEA3A70427E076A800021839 /* Release */ = {
			isa = XCBuildConfiguration;
			buildSettings = {
				ALWAYS_EMBED_SWIFT_STANDARD_LIBRARIES = YES;
				BUNDLE_LOADER = "$(TEST_HOST)";
				CODE_SIGN_STYLE = Automatic;
				CURRENT_PROJECT_VERSION = 1;
				GENERATE_INFOPLIST_FILE = YES;
				IPHONEOS_DEPLOYMENT_TARGET = 15.2;
				MARKETING_VERSION = 1.0;
				PRODUCT_BUNDLE_IDENTIFIER = com.shehan.AuthenticateTests;
				PRODUCT_NAME = "$(TARGET_NAME)";
				SWIFT_EMIT_LOC_STRINGS = NO;
				SWIFT_VERSION = 5.0;
				TARGETED_DEVICE_FAMILY = "1,2";
				TEST_HOST = "$(BUILT_PRODUCTS_DIR)/Authenticate.app/Authenticate";
			};
			name = Release;
		};
		BEA3A70627E076A800021839 /* Debug */ = {
			isa = XCBuildConfiguration;
			buildSettings = {
				ALWAYS_EMBED_SWIFT_STANDARD_LIBRARIES = YES;
				CODE_SIGN_STYLE = Automatic;
				CURRENT_PROJECT_VERSION = 1;
				GENERATE_INFOPLIST_FILE = YES;
				MARKETING_VERSION = 1.0;
				PRODUCT_BUNDLE_IDENTIFIER = com.shehan.AuthenticateUITests;
				PRODUCT_NAME = "$(TARGET_NAME)";
				SWIFT_EMIT_LOC_STRINGS = NO;
				SWIFT_VERSION = 5.0;
				TARGETED_DEVICE_FAMILY = "1,2";
				TEST_TARGET_NAME = Authenticate;
			};
			name = Debug;
		};
		BEA3A70727E076A800021839 /* Release */ = {
			isa = XCBuildConfiguration;
			buildSettings = {
				ALWAYS_EMBED_SWIFT_STANDARD_LIBRARIES = YES;
				CODE_SIGN_STYLE = Automatic;
				CURRENT_PROJECT_VERSION = 1;
				GENERATE_INFOPLIST_FILE = YES;
				MARKETING_VERSION = 1.0;
				PRODUCT_BUNDLE_IDENTIFIER = com.shehan.AuthenticateUITests;
				PRODUCT_NAME = "$(TARGET_NAME)";
				SWIFT_EMIT_LOC_STRINGS = NO;
				SWIFT_VERSION = 5.0;
				TARGETED_DEVICE_FAMILY = "1,2";
				TEST_TARGET_NAME = Authenticate;
			};
			name = Release;
		};
/* End XCBuildConfiguration section */

/* Begin XCConfigurationList section */
		BEA3A6D627E076A600021839 /* Build configuration list for PBXProject "Authenticate" */ = {
			isa = XCConfigurationList;
			buildConfigurations = (
				BEA3A6FD27E076A800021839 /* Debug */,
				BEA3A6FE27E076A800021839 /* Release */,
			);
			defaultConfigurationIsVisible = 0;
			defaultConfigurationName = Release;
		};
		BEA3A6FF27E076A800021839 /* Build configuration list for PBXNativeTarget "Authenticate" */ = {
			isa = XCConfigurationList;
			buildConfigurations = (
				BEA3A70027E076A800021839 /* Debug */,
				BEA3A70127E076A800021839 /* Release */,
			);
			defaultConfigurationIsVisible = 0;
			defaultConfigurationName = Release;
		};
		BEA3A70227E076A800021839 /* Build configuration list for PBXNativeTarget "AuthenticateTests" */ = {
			isa = XCConfigurationList;
			buildConfigurations = (
				BEA3A70327E076A800021839 /* Debug */,
				BEA3A70427E076A800021839 /* Release */,
			);
			defaultConfigurationIsVisible = 0;
			defaultConfigurationName = Release;
		};
		BEA3A70527E076A800021839 /* Build configuration list for PBXNativeTarget "AuthenticateUITests" */ = {
			isa = XCConfigurationList;
			buildConfigurations = (
				BEA3A70627E076A800021839 /* Debug */,
				BEA3A70727E076A800021839 /* Release */,
			);
			defaultConfigurationIsVisible = 0;
			defaultConfigurationName = Release;
		};
/* End XCConfigurationList section */
	};
	rootObject = BEA3A6D327E076A600021839 /* Project object */;
}
